
Microsoft Visual Studio Solution File, Format Version 12.00
# Visual Studio Version 16
VisualStudioVersion = 16.0.30709.64
MinimumVisualStudioVersion = 10.0.40219.1
Project("{9A19103F-16F7-4668-BE54-9A1E7A4F7556}") = "Serilog.Sinks.InfluxDB", "Serilog.Sinks.InfluxDB\Serilog.Sinks.InfluxDB.csproj", "{B6C0104A-B33D-4C0D-B402-5D3FE76BC39C}"
EndProject
Project("{2150E333-8FDC-42A3-9474-1A3956D46DE8}") = "Solution Items", "Solution Items", "{1DA9F6FA-1889-4709-AB60-F73D046321A7}"
	ProjectSection(SolutionItems) = preProject
		CONTRIBUTING.md = CONTRIBUTING.md
		LICENSE.md = LICENSE.md
		README.md = README.md
	EndProjectSection
EndProject
Global
	GlobalSection(SolutionConfigurationPlatforms) = preSolution
		Debug|Any CPU = Debug|Any CPU
		Release|Any CPU = Release|Any CPU
	EndGlobalSection
	GlobalSection(ProjectConfigurationPlatforms) = postSolution
		{B6C0104A-B33D-4C0D-B402-5D3FE76BC39C}.Debug|Any CPU.ActiveCfg = Debug|Any CPU
		{B6C0104A-B33D-4C0D-B402-5D3FE76BC39C}.Debug|Any CPU.Build.0 = Debug|Any CPU
		{B6C0104A-B33D-4C0D-B402-5D3FE76BC39C}.Release|Any CPU.ActiveCfg = Release|Any CPU
		{B6C0104A-B33D-4C0D-B402-5D3FE76BC39C}.Release|Any CPU.Build.0 = Release|Any CPU
	EndGlobalSection
	GlobalSection(SolutionProperties) = preSolution
		HideSolutionNode = FALSE
	EndGlobalSection
	GlobalSection(ExtensibilityGlobals) = postSolution
		SolutionGuid = {FE90C661-56CA-41CF-8B56-1AD2454B6B62}
	EndGlobalSection
EndGlobal
